
Microsoft Visual Studio Solution File, Format Version 12.00
# Visual Studio Version 17
VisualStudioVersion = 17.10.34707.107
MinimumVisualStudioVersion = 10.0.40219.1
Project("{9A19103F-16F7-4668-BE54-9A1E7A4F7556}") = "wan24-I8NGUI", "wan24-I8NGUI\wan24-I8NGUI.csproj", "{3C51187C-6D67-4374-BCFD-9570E2A7C5CD}"
EndProject
Project("{9A19103F-16F7-4668-BE54-9A1E7A4F7556}") = "ObjectValidation", "..\..\ObjectValidation\src\ObjectValidation\ObjectValidation.csproj", "{2100FD6A-54E2-43D5-A414-561721A178D5}"
EndProject
Project("{9A19103F-16F7-4668-BE54-9A1E7A4F7556}") = "Stream-Serializer-Extensions", "..\..\Stream-Serializer-Extensions\src\Stream-Serializer-Extensions\Stream-Serializer-Extensions.csproj", "{3BEEFDB6-9341-44C6-B527-599CF61EDE07}"
EndProject
Project("{9A19103F-16F7-4668-BE54-9A1E7A4F7556}") = "Wan24-Core", "..\..\wan24-Core\src\Wan24-Core\Wan24-Core.csproj", "{29BAAF20-BE35-4726-99CD-BDFFA65BBB64}"
EndProject
Project("{9A19103F-16F7-4668-BE54-9A1E7A4F7556}") = "wan24-Compression", "..\..\wan24-Compression\src\wan24-Compression\wan24-Compression.csproj", "{92EEBE50-A301-4987-81E2-0D8B40611240}"
EndProject
Project("{9A19103F-16F7-4668-BE54-9A1E7A4F7556}") = "wan24-I8N-Compressed", "..\..\wan24-I8NTool\src\wan24-I8N-Compressed\wan24-I8N-Compressed.csproj", "{0AC1CD0F-DA44-4CA4-9CA3-7AC0D409A1F2}"
EndProject
Project("{9A19103F-16F7-4668-BE54-9A1E7A4F7556}") = "wan24-I8NKws", "..\..\wan24-I8NTool\src\wan24-I8NKws\wan24-I8NKws.csproj", "{D8425D8B-2591-4822-BBD5-4DE6243DC033}"
EndProject
Project("{9A19103F-16F7-4668-BE54-9A1E7A4F7556}") = "wan24-I8NGUI MAUI", "wan24-I8NGUI MAUI\wan24-I8NGUI MAUI.csproj", "{29D8FD4B-1AF5-442A-86A9-D6F9C09098B5}"
EndProject
Project("{FAE04EC0-301F-11D3-BF4B-00C04F79EFBC}") = "wan24-I8NGUI Shared", "wan24-I8NGUI Shared\wan24-I8NGUI Shared.csproj", "{2BB92B56-5308-4661-BC4C-92DA555F053C}"
EndProject
Project("{FAE04EC0-301F-11D3-BF4B-00C04F79EFBC}") = "wan24-I8NGUI Web", "wan24-I8NGUI Web\wan24-I8NGUI Web.csproj", "{19A23C28-2D6E-492B-ACE0-497D80F826D5}"
EndProject
Project("{FAE04EC0-301F-11D3-BF4B-00C04F79EFBC}") = "wan24-I8NGUI Razor Shared", "wan24-I8NGUI Razor Shared\wan24-I8NGUI Razor Shared.csproj", "{3A8166B5-4073-4CB8-B807-6D2E11C80A97}"
EndProject
Global
	GlobalSection(SolutionConfigurationPlatforms) = preSolution
		Debug|Any CPU = Debug|Any CPU
		Release|Any CPU = Release|Any CPU
		Trunk|Any CPU = Trunk|Any CPU
	EndGlobalSection
	GlobalSection(ProjectConfigurationPlatforms) = postSolution
		{3C51187C-6D67-4374-BCFD-9570E2A7C5CD}.Debug|Any CPU.ActiveCfg = Debug|Any CPU
		{3C51187C-6D67-4374-BCFD-9570E2A7C5CD}.Debug|Any CPU.Build.0 = Debug|Any CPU
		{3C51187C-6D67-4374-BCFD-9570E2A7C5CD}.Debug|Any CPU.Deploy.0 = Debug|Any CPU
		{3C51187C-6D67-4374-BCFD-9570E2A7C5CD}.Release|Any CPU.ActiveCfg = Release|Any CPU
		{3C51187C-6D67-4374-BCFD-9570E2A7C5CD}.Release|Any CPU.Build.0 = Release|Any CPU
		{3C51187C-6D67-4374-BCFD-9570E2A7C5CD}.Release|Any CPU.Deploy.0 = Release|Any CPU
		{3C51187C-6D67-4374-BCFD-9570E2A7C5CD}.Trunk|Any CPU.ActiveCfg = Debug|Any CPU
		{3C51187C-6D67-4374-BCFD-9570E2A7C5CD}.Trunk|Any CPU.Build.0 = Debug|Any CPU
		{3C51187C-6D67-4374-BCFD-9570E2A7C5CD}.Trunk|Any CPU.Deploy.0 = Debug|Any CPU
		{2100FD6A-54E2-43D5-A414-561721A178D5}.Debug|Any CPU.ActiveCfg = Debug|Any CPU
		{2100FD6A-54E2-43D5-A414-561721A178D5}.Release|Any CPU.ActiveCfg = Release|Any CPU
		{2100FD6A-54E2-43D5-A414-561721A178D5}.Trunk|Any CPU.ActiveCfg = Trunk|Any CPU
		{2100FD6A-54E2-43D5-A414-561721A178D5}.Trunk|Any CPU.Build.0 = Trunk|Any CPU
		{3BEEFDB6-9341-44C6-B527-599CF61EDE07}.Debug|Any CPU.ActiveCfg = Debug|Any CPU
		{3BEEFDB6-9341-44C6-B527-599CF61EDE07}.Release|Any CPU.ActiveCfg = Release|Any CPU
		{3BEEFDB6-9341-44C6-B527-599CF61EDE07}.Trunk|Any CPU.ActiveCfg = Trunk|Any CPU
		{3BEEFDB6-9341-44C6-B527-599CF61EDE07}.Trunk|Any CPU.Build.0 = Trunk|Any CPU
		{29BAAF20-BE35-4726-99CD-BDFFA65BBB64}.Debug|Any CPU.ActiveCfg = Debug|Any CPU
		{29BAAF20-BE35-4726-99CD-BDFFA65BBB64}.Release|Any CPU.ActiveCfg = Release|Any CPU
		{29BAAF20-BE35-4726-99CD-BDFFA65BBB64}.Trunk|Any CPU.ActiveCfg = Trunk|Any CPU
		{29BAAF20-BE35-4726-99CD-BDFFA65BBB64}.Trunk|Any CPU.Build.0 = Trunk|Any CPU
		{92EEBE50-A301-4987-81E2-0D8B40611240}.Debug|Any CPU.ActiveCfg = Debug|Any CPU
		{92EEBE50-A301-4987-81E2-0D8B40611240}.Release|Any CPU.ActiveCfg = Release|Any CPU
		{92EEBE50-A301-4987-81E2-0D8B40611240}.Trunk|Any CPU.ActiveCfg = Trunk|Any CPU
		{92EEBE50-A301-4987-81E2-0D8B40611240}.Trunk|Any CPU.Build.0 = Trunk|Any CPU
		{0AC1CD0F-DA44-4CA4-9CA3-7AC0D409A1F2}.Debug|Any CPU.ActiveCfg = Debug|Any CPU
		{0AC1CD0F-DA44-4CA4-9CA3-7AC0D409A1F2}.Release|Any CPU.ActiveCfg = Release|Any CPU
		{0AC1CD0F-DA44-4CA4-9CA3-7AC0D409A1F2}.Trunk|Any CPU.ActiveCfg = Trunk|Any CPU
		{0AC1CD0F-DA44-4CA4-9CA3-7AC0D409A1F2}.Trunk|Any CPU.Build.0 = Trunk|Any CPU
		{D8425D8B-2591-4822-BBD5-4DE6243DC033}.Debug|Any CPU.ActiveCfg = Debug|Any CPU
		{D8425D8B-2591-4822-BBD5-4DE6243DC033}.Release|Any CPU.ActiveCfg = Release|Any CPU
		{D8425D8B-2591-4822-BBD5-4DE6243DC033}.Trunk|Any CPU.ActiveCfg = Trunk|Any CPU
		{D8425D8B-2591-4822-BBD5-4DE6243DC033}.Trunk|Any CPU.Build.0 = Trunk|Any CPU
		{29D8FD4B-1AF5-442A-86A9-D6F9C09098B5}.Debug|Any CPU.ActiveCfg = Debug|Any CPU
		{29D8FD4B-1AF5-442A-86A9-D6F9C09098B5}.Debug|Any CPU.Build.0 = Debug|Any CPU
		{29D8FD4B-1AF5-442A-86A9-D6F9C09098B5}.Release|Any CPU.ActiveCfg = Release|Any CPU
		{29D8FD4B-1AF5-442A-86A9-D6F9C09098B5}.Release|Any CPU.Build.0 = Release|Any CPU
		{29D8FD4B-1AF5-442A-86A9-D6F9C09098B5}.Trunk|Any CPU.ActiveCfg = Debug|Any CPU
		{29D8FD4B-1AF5-442A-86A9-D6F9C09098B5}.Trunk|Any CPU.Build.0 = Debug|Any CPU
		{2BB92B56-5308-4661-BC4C-92DA555F053C}.Debug|Any CPU.ActiveCfg = Debug|Any CPU
		{2BB92B56-5308-4661-BC4C-92DA555F053C}.Debug|Any CPU.Build.0 = Debug|Any CPU
		{2BB92B56-5308-4661-BC4C-92DA555F053C}.Release|Any CPU.ActiveCfg = Release|Any CPU
		{2BB92B56-5308-4661-BC4C-92DA555F053C}.Release|Any CPU.Build.0 = Release|Any CPU
		{2BB92B56-5308-4661-BC4C-92DA555F053C}.Trunk|Any CPU.ActiveCfg = Debug|Any CPU
		{2BB92B56-5308-4661-BC4C-92DA555F053C}.Trunk|Any CPU.Build.0 = Debug|Any CPU
		{19A23C28-2D6E-492B-ACE0-497D80F826D5}.Debug|Any CPU.ActiveCfg = Debug|Any CPU
		{19A23C28-2D6E-492B-ACE0-497D80F826D5}.Debug|Any CPU.Build.0 = Debug|Any CPU
		{19A23C28-2D6E-492B-ACE0-497D80F826D5}.Release|Any CPU.ActiveCfg = Release|Any CPU
		{19A23C28-2D6E-492B-ACE0-497D80F826D5}.Release|Any CPU.Build.0 = Release|Any CPU
		{19A23C28-2D6E-492B-ACE0-497D80F826D5}.Trunk|Any CPU.ActiveCfg = Debug|Any CPU
		{19A23C28-2D6E-492B-ACE0-497D80F826D5}.Trunk|Any CPU.Build.0 = Debug|Any CPU
		{3A8166B5-4073-4CB8-B807-6D2E11C80A97}.Debug|Any CPU.ActiveCfg = Debug|Any CPU
		{3A8166B5-4073-4CB8-B807-6D2E11C80A97}.Debug|Any CPU.Build.0 = Debug|Any CPU
		{3A8166B5-4073-4CB8-B807-6D2E11C80A97}.Release|Any CPU.ActiveCfg = Release|Any CPU
		{3A8166B5-4073-4CB8-B807-6D2E11C80A97}.Release|Any CPU.Build.0 = Release|Any CPU
		{3A8166B5-4073-4CB8-B807-6D2E11C80A97}.Trunk|Any CPU.ActiveCfg = Debug|Any CPU
		{3A8166B5-4073-4CB8-B807-6D2E11C80A97}.Trunk|Any CPU.Build.0 = Debug|Any CPU
	EndGlobalSection
	GlobalSection(SolutionProperties) = preSolution
		HideSolutionNode = FALSE
	EndGlobalSection
	GlobalSection(ExtensibilityGlobals) = postSolution
		SolutionGuid = {BC520B51-287A-4C5B-B084-34520E057FC9}
	EndGlobalSection
EndGlobal
